{
  "name": "node-red-contrib-os",
  "version": "0.1.7",
  "lockfileVersion": 1,
  "requires": true,
  "dependencies": {
    "loadavg-windows": {
      "version": "1.1.1",
      "resolved": "https://registry.npmjs.org/loadavg-windows/-/loadavg-windows-1.1.1.tgz",
      "integrity": "sha512-ncSyH121LuN6OENPSohTAS2W85J3NYVIfjsVcK4spViQbHlQUXhGKd8VYhrqWyjtwwSTw4g3rrDraNoSJWRLgw==",
      "requires": {
        "weak-daemon": "1.0.3"
      }
    },
    "node-disk-info": {
      "version": "1.1.0",
      "resolved": "https://registry.npmjs.org/node-disk-info/-/node-disk-info-1.1.0.tgz",
      "integrity": "sha512-ZVuZuWBJvogO4i5ABHmFzKPMHaypCWn6RqwK5xeyU3wFUtv9yUNJi2fZRQ4Mreplf81PK+sONdWLHVdzVJ64wg=="
    },
    "weak-daemon": {
      "version": "1.0.3",
      "resolved": "https://registry.npmjs.org/weak-daemon/-/weak-daemon-1.0.3.tgz",
      "integrity": "sha512-9OLYp5qQSxpnTIyuA1zJ7at3DV2DSBcbdXduC/3QFPeYjF30Lh1nfBrG+VLf4QUvZPz2lXFPu08oIRzWQfucVQ=="
    }
  }
}
